
Microsoft Visual Studio Solution File, Format Version 12.00
# Visual Studio Version 16
VisualStudioVersion = 16.0.31515.178
MinimumVisualStudioVersion = 10.0.40219.1
Project("{FAE04EC0-301F-11D3-BF4B-00C04F79EFBC}") = "AddresssBookMVC", "AddresssBookMVC.csproj", "{BA74CE10-EDBC-4086-ADCA-131E2831F67E}"
EndProject
Global
	GlobalSection(SolutionConfigurationPlatforms) = preSolution
		Debug|Any CPU = Debug|Any CPU
		Release|Any CPU = Release|Any CPU
	EndGlobalSection
	GlobalSection(ProjectConfigurationPlatforms) = postSolution
		{BA74CE10-EDBC-4086-ADCA-131E2831F67E}.Debug|Any CPU.ActiveCfg = Debug|Any CPU
		{BA74CE10-EDBC-4086-ADCA-131E2831F67E}.Debug|Any CPU.Build.0 = Debug|Any CPU
		{BA74CE10-EDBC-4086-ADCA-131E2831F67E}.Release|Any CPU.ActiveCfg = Release|Any CPU
		{BA74CE10-EDBC-4086-ADCA-131E2831F67E}.Release|Any CPU.Build.0 = Release|Any CPU
	EndGlobalSection
	GlobalSection(SolutionProperties) = preSolution
		HideSolutionNode = FALSE
	EndGlobalSection
	GlobalSection(ExtensibilityGlobals) = postSolution
		SolutionGuid = {12ED1333-DCA4-47B6-86FD-D53B92A6F87F}
	EndGlobalSection
EndGlobal
